
Microsoft Visual Studio Solution File, Format Version 12.00
Project("{2150E333-8FDC-42A3-9474-1A3956D46DE8}") = "src", "src", "{984B3FC8-D631-4141-852C-44004BE1072F}"
EndProject
Project("{2150E333-8FDC-42A3-9474-1A3956D46DE8}") = "tests", "tests", "{C7F40A4C-1ADD-4EE4-85BE-CAADE96EF1B6}"
EndProject
Project("{2150E333-8FDC-42A3-9474-1A3956D46DE8}") = "samples", "samples", "{50BAE2A9-16E5-449F-9F47-7EFF15994BA1}"
EndProject
Project("{FAE04EC0-301F-11D3-BF4B-00C04F79EFBC}") = "RabbitMQ.Module", "RabbitMQ.Module\RabbitMQ.Module.csproj", "{DBF75D58-4E1E-491B-9A59-1FF2706E6FEA}"
EndProject
Project("{FAE04EC0-301F-11D3-BF4B-00C04F79EFBC}") = "RabbitMQ.TestApp.Console", "RabbitMQ.TestApp.Console \RabbitMQ.TestApp.Console.csproj", "{5635F65A-B6A3-4C22-8F6E-4A4CD944785C}"
EndProject
Project("{FAE04EC0-301F-11D3-BF4B-00C04F79EFBC}") = "RabbitMQ.Module.Tests", "RabbitMQ.Module.Tests\RabbitMQ.Module.Tests.csproj", "{7967D15E-87AA-4182-A1DA-C20206BA9E63}"
EndProject
Project("{FAE04EC0-301F-11D3-BF4B-00C04F79EFBC}") = "RabbitMQ.TestApp.Web", "RabbitMQ.TestApp.Web\RabbitMQ.TestApp.Web.csproj", "{EEE0BB98-59E7-43F7-AC74-5BDAABAEDDC1}"
EndProject
Global
	GlobalSection(SolutionConfigurationPlatforms) = preSolution
		Debug|Any CPU = Debug|Any CPU
		Release|Any CPU = Release|Any CPU
	EndGlobalSection
	GlobalSection(ProjectConfigurationPlatforms) = postSolution
		{13C66B40-02A9-43BD-8E9D-405AFD40E73B}.Debug|Any CPU.ActiveCfg = Debug|Any CPU
		{13C66B40-02A9-43BD-8E9D-405AFD40E73B}.Debug|Any CPU.Build.0 = Debug|Any CPU
		{13C66B40-02A9-43BD-8E9D-405AFD40E73B}.Release|Any CPU.ActiveCfg = Release|Any CPU
		{13C66B40-02A9-43BD-8E9D-405AFD40E73B}.Release|Any CPU.Build.0 = Release|Any CPU
		{DBF75D58-4E1E-491B-9A59-1FF2706E6FEA}.Debug|Any CPU.ActiveCfg = Debug|Any CPU
		{DBF75D58-4E1E-491B-9A59-1FF2706E6FEA}.Debug|Any CPU.Build.0 = Debug|Any CPU
		{DBF75D58-4E1E-491B-9A59-1FF2706E6FEA}.Release|Any CPU.ActiveCfg = Release|Any CPU
		{DBF75D58-4E1E-491B-9A59-1FF2706E6FEA}.Release|Any CPU.Build.0 = Release|Any CPU
		{5635F65A-B6A3-4C22-8F6E-4A4CD944785C}.Debug|Any CPU.ActiveCfg = Debug|Any CPU
		{5635F65A-B6A3-4C22-8F6E-4A4CD944785C}.Debug|Any CPU.Build.0 = Debug|Any CPU
		{5635F65A-B6A3-4C22-8F6E-4A4CD944785C}.Release|Any CPU.ActiveCfg = Release|Any CPU
		{5635F65A-B6A3-4C22-8F6E-4A4CD944785C}.Release|Any CPU.Build.0 = Release|Any CPU
		{7967D15E-87AA-4182-A1DA-C20206BA9E63}.Debug|Any CPU.ActiveCfg = Debug|Any CPU
		{7967D15E-87AA-4182-A1DA-C20206BA9E63}.Debug|Any CPU.Build.0 = Debug|Any CPU
		{7967D15E-87AA-4182-A1DA-C20206BA9E63}.Release|Any CPU.ActiveCfg = Release|Any CPU
		{7967D15E-87AA-4182-A1DA-C20206BA9E63}.Release|Any CPU.Build.0 = Release|Any CPU
		{EEE0BB98-59E7-43F7-AC74-5BDAABAEDDC1}.Debug|Any CPU.ActiveCfg = Debug|Any CPU
		{EEE0BB98-59E7-43F7-AC74-5BDAABAEDDC1}.Debug|Any CPU.Build.0 = Debug|Any CPU
		{EEE0BB98-59E7-43F7-AC74-5BDAABAEDDC1}.Release|Any CPU.ActiveCfg = Release|Any CPU
		{EEE0BB98-59E7-43F7-AC74-5BDAABAEDDC1}.Release|Any CPU.Build.0 = Release|Any CPU
	EndGlobalSection
	GlobalSection(NestedProjects) = preSolution
		{DBF75D58-4E1E-491B-9A59-1FF2706E6FEA} = {984B3FC8-D631-4141-852C-44004BE1072F}
		{5635F65A-B6A3-4C22-8F6E-4A4CD944785C} = {50BAE2A9-16E5-449F-9F47-7EFF15994BA1}
		{7967D15E-87AA-4182-A1DA-C20206BA9E63} = {C7F40A4C-1ADD-4EE4-85BE-CAADE96EF1B6}
		{EEE0BB98-59E7-43F7-AC74-5BDAABAEDDC1} = {50BAE2A9-16E5-449F-9F47-7EFF15994BA1}
	EndGlobalSection
EndGlobal
